
Microsoft Visual Studio Solution File, Format Version 10.00
# Visual Studio 2008
Project("{FAE04EC0-301F-11D3-BF4B-00C04F79EFBC}") = "CppRipper", "CppRipper.csproj", "{A64E0273-2A7B-4CEC-A01A-6C3C9982E274}"
EndProject
Global
	GlobalSection(SolutionConfigurationPlatforms) = preSolution
		Debug|Any CPU = Debug|Any CPU
		Release|Any CPU = Release|Any CPU
	EndGlobalSection
	GlobalSection(ProjectConfigurationPlatforms) = postSolution
		{A64E0273-2A7B-4CEC-A01A-6C3C9982E274}.Debug|Any CPU.ActiveCfg = Debug|Any CPU
		{A64E0273-2A7B-4CEC-A01A-6C3C9982E274}.Debug|Any CPU.Build.0 = Debug|Any CPU
		{A64E0273-2A7B-4CEC-A01A-6C3C9982E274}.Release|Any CPU.ActiveCfg = Release|Any CPU
		{A64E0273-2A7B-4CEC-A01A-6C3C9982E274}.Release|Any CPU.Build.0 = Release|Any CPU
	EndGlobalSection
	GlobalSection(SolutionProperties) = preSolution
		HideSolutionNode = FALSE
	EndGlobalSection
EndGlobal
